
Microsoft Visual Studio Solution File, Format Version 12.00
# Visual Studio Version 17
VisualStudioVersion = 17.7.34024.191
MinimumVisualStudioVersion = 10.0.40219.1
Project("{9A19103F-16F7-4668-BE54-9A1E7A4F7556}") = "Infrastructure", "Infrastructure\Infrastructure.csproj", "{0943A7E8-68CF-4359-837B-E6565060DB28}"
EndProject
Project("{9A19103F-16F7-4668-BE54-9A1E7A4F7556}") = "PatSite.Server", "PatSite\Server\PatSite.Server.csproj", "{2E4F0FBD-EB22-4AB5-8CBD-CC23677B948D}"
EndProject
Project("{9A19103F-16F7-4668-BE54-9A1E7A4F7556}") = "PatSite.Client", "PatSite\Client\PatSite.Client.csproj", "{F1B225A5-EA74-48B8-B91E-1F963F6AEA8E}"
EndProject
Project("{9A19103F-16F7-4668-BE54-9A1E7A4F7556}") = "PatSite.Shared", "PatSite\Shared\PatSite.Shared.csproj", "{03AAF300-69B9-4DC4-88CD-D84ED671E307}"
EndProject
Global
	GlobalSection(SolutionConfigurationPlatforms) = preSolution
		Debug|Any CPU = Debug|Any CPU
		Release|Any CPU = Release|Any CPU
	EndGlobalSection
	GlobalSection(ProjectConfigurationPlatforms) = postSolution
		{0943A7E8-68CF-4359-837B-E6565060DB28}.Debug|Any CPU.ActiveCfg = Debug|Any CPU
		{0943A7E8-68CF-4359-837B-E6565060DB28}.Debug|Any CPU.Build.0 = Debug|Any CPU
		{0943A7E8-68CF-4359-837B-E6565060DB28}.Release|Any CPU.ActiveCfg = Release|Any CPU
		{0943A7E8-68CF-4359-837B-E6565060DB28}.Release|Any CPU.Build.0 = Release|Any CPU
		{2E4F0FBD-EB22-4AB5-8CBD-CC23677B948D}.Debug|Any CPU.ActiveCfg = Debug|Any CPU
		{2E4F0FBD-EB22-4AB5-8CBD-CC23677B948D}.Debug|Any CPU.Build.0 = Debug|Any CPU
		{2E4F0FBD-EB22-4AB5-8CBD-CC23677B948D}.Release|Any CPU.ActiveCfg = Release|Any CPU
		{2E4F0FBD-EB22-4AB5-8CBD-CC23677B948D}.Release|Any CPU.Build.0 = Release|Any CPU
		{F1B225A5-EA74-48B8-B91E-1F963F6AEA8E}.Debug|Any CPU.ActiveCfg = Debug|Any CPU
		{F1B225A5-EA74-48B8-B91E-1F963F6AEA8E}.Debug|Any CPU.Build.0 = Debug|Any CPU
		{F1B225A5-EA74-48B8-B91E-1F963F6AEA8E}.Release|Any CPU.ActiveCfg = Release|Any CPU
		{F1B225A5-EA74-48B8-B91E-1F963F6AEA8E}.Release|Any CPU.Build.0 = Release|Any CPU
		{03AAF300-69B9-4DC4-88CD-D84ED671E307}.Debug|Any CPU.ActiveCfg = Debug|Any CPU
		{03AAF300-69B9-4DC4-88CD-D84ED671E307}.Debug|Any CPU.Build.0 = Debug|Any CPU
		{03AAF300-69B9-4DC4-88CD-D84ED671E307}.Release|Any CPU.ActiveCfg = Release|Any CPU
		{03AAF300-69B9-4DC4-88CD-D84ED671E307}.Release|Any CPU.Build.0 = Release|Any CPU
	EndGlobalSection
	GlobalSection(SolutionProperties) = preSolution
		HideSolutionNode = FALSE
	EndGlobalSection
	GlobalSection(ExtensibilityGlobals) = postSolution
		SolutionGuid = {5E491233-CA56-4A10-976B-0912D38CAAC2}
	EndGlobalSection
EndGlobal
